
Microsoft Visual Studio Solution File, Format Version 12.00
# Visual Studio 15
VisualStudioVersion = 15.0.26730.12
MinimumVisualStudioVersion = 10.0.40219.1
Project("{8BC9CEB8-8B4A-11D0-8D11-00A0C91BC942}") = "MFCtext", "MFCtext\MFCtext.vcxproj", "{6562638F-E9B7-4803-8AC0-160C658F837D}"
EndProject
Global
	GlobalSection(SolutionConfigurationPlatforms) = preSolution
		Debug|x64 = Debug|x64
		Debug|x86 = Debug|x86
		Release|x64 = Release|x64
		Release|x86 = Release|x86
	EndGlobalSection
	GlobalSection(ProjectConfigurationPlatforms) = postSolution
		{6562638F-E9B7-4803-8AC0-160C658F837D}.Debug|x64.ActiveCfg = Debug|x64
		{6562638F-E9B7-4803-8AC0-160C658F837D}.Debug|x64.Build.0 = Debug|x64
		{6562638F-E9B7-4803-8AC0-160C658F837D}.Debug|x86.ActiveCfg = Debug|Win32
		{6562638F-E9B7-4803-8AC0-160C658F837D}.Debug|x86.Build.0 = Debug|Win32
		{6562638F-E9B7-4803-8AC0-160C658F837D}.Release|x64.ActiveCfg = Release|x64
		{6562638F-E9B7-4803-8AC0-160C658F837D}.Release|x64.Build.0 = Release|x64
		{6562638F-E9B7-4803-8AC0-160C658F837D}.Release|x86.ActiveCfg = Release|Win32
		{6562638F-E9B7-4803-8AC0-160C658F837D}.Release|x86.Build.0 = Release|Win32
	EndGlobalSection
	GlobalSection(SolutionProperties) = preSolution
		HideSolutionNode = FALSE
	EndGlobalSection
	GlobalSection(ExtensibilityGlobals) = postSolution
		SolutionGuid = {2D7C4E6B-D7C1-479C-868F-9C8C5178F885}
	EndGlobalSection
EndGlobal
